{
  "name": "electron-timer",
  "version": "1.0.0",
  "lockfileVersion": 3,
  "requires": true,
  "packages": {
    "": {
      "name": "electron-timer",
      "version": "1.0.0",
      "license": "MIT",
      "devDependencies": {
        "electron": "^28.2.0",
        "electron-builder": "^24.9.1"
      }
    }
  }
}
